
Microsoft Visual Studio Solution File, Format Version 12.00
# Visual Studio Version 17
VisualStudioVersion = 17.8.34316.72
MinimumVisualStudioVersion = 10.0.40219.1
Project("{FAE04EC0-301F-11D3-BF4B-00C04F79EFBC}") = "JWTToken", "JWTToken.csproj", "{AF440A40-A66D-45E3-9E97-F31BFD032C55}"
EndProject
Global
	GlobalSection(SolutionConfigurationPlatforms) = preSolution
		Debug|Any CPU = Debug|Any CPU
		Release|Any CPU = Release|Any CPU
	EndGlobalSection
	GlobalSection(ProjectConfigurationPlatforms) = postSolution
		{AF440A40-A66D-45E3-9E97-F31BFD032C55}.Debug|Any CPU.ActiveCfg = Debug|Any CPU
		{AF440A40-A66D-45E3-9E97-F31BFD032C55}.Debug|Any CPU.Build.0 = Debug|Any CPU
		{AF440A40-A66D-45E3-9E97-F31BFD032C55}.Release|Any CPU.ActiveCfg = Release|Any CPU
		{AF440A40-A66D-45E3-9E97-F31BFD032C55}.Release|Any CPU.Build.0 = Release|Any CPU
	EndGlobalSection
	GlobalSection(SolutionProperties) = preSolution
		HideSolutionNode = FALSE
	EndGlobalSection
	GlobalSection(ExtensibilityGlobals) = postSolution
		SolutionGuid = {176C6AE7-90E7-4505-A7D0-F5E33328B977}
	EndGlobalSection
EndGlobal
